// !$*UTF8*$!
{
	archiveVersion = 1;
	classes = {
	};
	objectVersion = 48;
	objects = {

/* Begin PBXBuildFile section */
		71ABAC371FEAFF8A00D6371D /* AppDelegate.swift in Sources */ = {isa = PBXBuildFile; fileRef = 71ABAC361FEAFF8A00D6371D /* AppDelegate.swift */; };
		71ABAC391FEAFF8A00D6371D /* ViewController.swift in Sources */ = {isa = PBXBuildFile; fileRef = 71ABAC381FEAFF8A00D6371D /* ViewController.swift */; };
		71ABAC3C1FEAFF8A00D6371D /* Main.storyboard in Resources */ = {isa = PBXBuildFile; fileRef = 71ABAC3A1FEAFF8A00D6371D /* Main.storyboard */; };
		71ABAC3F1FEAFF8A00D6371D /* LibraryApp.xcdatamodeld in Sources */ = {isa = PBXBuildFile; fileRef = 71ABAC3D1FEAFF8A00D6371D /* LibraryApp.xcdatamodeld */; };
		71ABAC411FEAFF8A00D6371D /* Assets.xcassets in Resources */ = {isa = PBXBuildFile; fileRef = 71ABAC401FEAFF8A00D6371D /* Assets.xcassets */; };
		71ABAC441FEAFF8A00D6371D /* LaunchScreen.storyboard in Resources */ = {isa = PBXBuildFile; fileRef = 71ABAC421FEAFF8A00D6371D /* LaunchScreen.storyboard */; };
		71ABAC4C1FEB008000D6371D /* TVC.swift in Sources */ = {isa = PBXBuildFile; fileRef = 71ABAC4B1FEB008000D6371D /* TVC.swift */; };
		71ABAC4E1FEB623F00D6371D /* ControlLibro.swift in Sources */ = {isa = PBXBuildFile; fileRef = 71ABAC4D1FEB623F00D6371D /* ControlLibro.swift */; };
		71D28FDF20561208006E02F0 /* CoreDataHandler.swift in Sources */ = {isa = PBXBuildFile; fileRef = 71D28FDE20561208006E02F0 /* CoreDataHandler.swift */; };
		71DBE3B32026DAC7003A1B46 /* Resultados.swift in Sources */ = {isa = PBXBuildFile; fileRef = 71DBE3B22026DAC7003A1B46 /* Resultados.swift */; };
/* End PBXBuildFile section */

/* Begin PBXFileReference section */
		71ABAC331FEAFF8A00D6371D /* LibraryApp.app */ = {isa = PBXFileReference; explicitFileType = wrapper.application; includeInIndex = 0; path = LibraryApp.app; sourceTree = BUILT_PRODUCTS_DIR; };
		71ABAC361FEAFF8A00D6371D /* AppDelegate.swift */ = {isa = PBXFileReference; lastKnownFileType = sourcecode.swift; path = AppDelegate.swift; sourceTree = "<group>"; };
		71ABAC381FEAFF8A00D6371D /* ViewController.swift */ = {isa = PBXFileReference; lastKnownFileType = sourcecode.swift; path = ViewController.swift; sourceTree = "<group>"; };
		71ABAC3B1FEAFF8A00D6371D /* Base */ = {isa = PBXFileReference; lastKnownFileType = file.storyboard; name = Base; path = Base.lproj/Main.storyboard; sourceTree = "<group>"; };
		71ABAC3E1FEAFF8A00D6371D /* LibraryApp.xcdatamodel */ = {isa = PBXFileReference; lastKnownFileType = wrapper.xcdatamodel; path = LibraryApp.xcdatamodel; sourceTree = "<group>"; };
		71ABAC401FEAFF8A00D6371D /* Assets.xcassets */ = {isa = PBXFileReference; lastKnownFileType = folder.assetcatalog; path = Assets.xcassets; sourceTree = "<group>"; };
		71ABAC431FEAFF8A00D6371D /* Base */ = {isa = PBXFileReference; lastKnownFileType = file.storyboard; name = Base; path = Base.lproj/LaunchScreen.storyboard; sourceTree = "<group>"; };
		71ABAC451FEAFF8A00D6371D /* Info.plist */ = {isa = PBXFileReference; lastKnownFileType = text.plist.xml; path = Info.plist; sourceTree = "<group>"; };
		71ABAC4B1FEB008000D6371D /* TVC.swift */ = {isa = PBXFileReference; lastKnownFileType = sourcecode.swift; path = TVC.swift; sourceTree = "<group>"; };
		71ABAC4D1FEB623F00D6371D /* ControlLibro.swift */ = {isa = PBXFileReference; lastKnownFileType = sourcecode.swift; path = ControlLibro.swift; sourceTree = "<group>"; };
		71D28FDE20561208006E02F0 /* CoreDataHandler.swift */ = {isa = PBXFileReference; lastKnownFileType = sourcecode.swift; path = CoreDataHandler.swift; sourceTree = "<group>"; };
		71DBE3B22026DAC7003A1B46 /* Resultados.swift */ = {isa = PBXFileReference; lastKnownFileType = sourcecode.swift; path = Resultados.swift; sourceTree = "<group>"; };
/* End PBXFileReference section */

/* Begin PBXFrameworksBuildPhase section */
		71ABAC301FEAFF8A00D6371D /* Frameworks */ = {
			isa = PBXFrameworksBuildPhase;
			buildActionMask = 2147483647;
			files = (
			);
			runOnlyForDeploymentPostprocessing = 0;
		};
/* End PBXFrameworksBuildPhase section */

/* Begin PBXGroup section */
		71ABAC2A1FEAFF8A00D6371D = {
			isa = PBXGroup;
			children = (
				71ABAC351FEAFF8A00D6371D /* LibraryApp */,
				71ABAC341FEAFF8A00D6371D /* Products */,
			);
			sourceTree = "<group>";
		};
		71ABAC341FEAFF8A00D6371D /* Products */ = {
			isa = PBXGroup;
			children = (
				71ABAC331FEAFF8A00D6371D /* LibraryApp.app */,
			);
			name = Products;
			sourceTree = "<group>";
		};
		71ABAC351FEAFF8A00D6371D /* LibraryApp */ = {
			isa = PBXGroup;
			children = (
				71ABAC361FEAFF8A00D6371D /* AppDelegate.swift */,
				71D28FDE20561208006E02F0 /* CoreDataHandler.swift */,
				71ABAC381FEAFF8A00D6371D /* ViewController.swift */,
				71DBE3B22026DAC7003A1B46 /* Resultados.swift */,
				71ABAC3A1FEAFF8A00D6371D /* Main.storyboard */,
				71ABAC401FEAFF8A00D6371D /* Assets.xcassets */,
				71ABAC421FEAFF8A00D6371D /* LaunchScreen.storyboard */,
				71ABAC451FEAFF8A00D6371D /* Info.plist */,
				71ABAC3D1FEAFF8A00D6371D /* LibraryApp.xcdatamodeld */,
				71ABAC4B1FEB008000D6371D /* TVC.swift */,
				71ABAC4D1FEB623F00D6371D /* ControlLibro.swift */,
			);
			path = LibraryApp;
			sourceTree = "<group>";
		};
/* End PBXGroup section */

/* Begin PBXNativeTarget section */
		71ABAC321FEAFF8A00D6371D /* LibraryApp */ = {
			isa = PBXNativeTarget;
			buildConfigurationList = 71ABAC481FEAFF8A00D6371D /* Build configuration list for PBXNativeTarget "LibraryApp" */;
			buildPhases = (
				71ABAC2F1FEAFF8A00D6371D /* Sources */,
				71ABAC301FEAFF8A00D6371D /* Frameworks */,
				71ABAC311FEAFF8A00D6371D /* Resources */,
			);
			buildRules = (
			);
			dependencies = (
			);
			name = LibraryApp;
			productName = LibraryApp;
			productReference = 71ABAC331FEAFF8A00D6371D /* LibraryApp.app */;
			productType = "com.apple.product-type.application";
		};
/* End PBXNativeTarget section */

/* Begin PBXProject section */
		71ABAC2B1FEAFF8A00D6371D /* Project object */ = {
			isa = PBXProject;
			attributes = {
				LastSwiftUpdateCheck = 0920;
				LastUpgradeCheck = 0920;
				ORGANIZATIONNAME = Alejandro;
				TargetAttributes = {
					71ABAC321FEAFF8A00D6371D = {
						CreatedOnToolsVersion = 9.2;
						ProvisioningStyle = Automatic;
					};
				};
			};
			buildConfigurationList = 71ABAC2E1FEAFF8A00D6371D /* Build configuration list for PBXProject "LibraryApp" */;
			compatibilityVersion = "Xcode 8.0";
			developmentRegion = en;
			hasScannedForEncodings = 0;
			knownRegions = (
				en,
				Base,
			);
			mainGroup = 71ABAC2A1FEAFF8A00D6371D;
			productRefGroup = 71ABAC341FEAFF8A00D6371D /* Products */;
			projectDirPath = "";
			projectRoot = "";
			targets = (
				71ABAC321FEAFF8A00D6371D /* LibraryApp */,
			);
		};
/* End PBXProject section */

/* Begin PBXResourcesBuildPhase section */
		71ABAC311FEAFF8A00D6371D /* Resources */ = {
			isa = PBXResourcesBuildPhase;
			buildActionMask = 2147483647;
			files = (
				71ABAC441FEAFF8A00D6371D /* LaunchScreen.storyboard in Resources */,
				71ABAC411FEAFF8A00D6371D /* Assets.xcassets in Resources */,
				71ABAC3C1FEAFF8A00D6371D /* Main.storyboard in Resources */,
			);
			runOnlyForDeploymentPostprocessing = 0;
		};
/* End PBXResourcesBuildPhase section */

/* Begin PBXSourcesBuildPhase section */
		71ABAC2F1FEAFF8A00D6371D /* Sources */ = {
			isa = PBXSourcesBuildPhase;
			buildActionMask = 2147483647;
			files = (
				71D28FDF20561208006E02F0 /* CoreDataHandler.swift in Sources */,
				71ABAC391FEAFF8A00D6371D /* ViewController.swift in Sources */,
				71ABAC4C1FEB008000D6371D /* TVC.swift in Sources */,
				71ABAC4E1FEB623F00D6371D /* ControlLibro.swift in Sources */,
				71DBE3B32026DAC7003A1B46 /* Resultados.swift in Sources */,
				71ABAC3F1FEAFF8A00D6371D /* LibraryApp.xcdatamodeld in Sources */,
				71ABAC371FEAFF8A00D6371D /* AppDelegate.swift in Sources */,
			);
			runOnlyForDeploymentPostprocessing = 0;
		};
/* End PBXSourcesBuildPhase section */

/* Begin PBXVariantGroup section */
		71ABAC3A1FEAFF8A00D6371D /* Main.storyboard */ = {
			isa = PBXVariantGroup;
			children = (
				71ABAC3B1FEAFF8A00D6371D /* Base */,
			);
			name = Main.storyboard;
			sourceTree = "<group>";
		};
		71ABAC421FEAFF8A00D6371D /* LaunchScreen.storyboard */ = {
			isa = PBXVariantGroup;
			children = (
				71ABAC431FEAFF8A00D6371D /* Base */,
			);
			name = LaunchScreen.storyboard;
			sourceTree = "<group>";
		};
/* End PBXVariantGroup section */

/* Begin XCBuildConfiguration section */
		71ABAC461FEAFF8A00D6371D /* Debug */ = {
			isa = XCBuildConfiguration;
			buildSettings = {
				ALWAYS_SEARCH_USER_PATHS = NO;
				CLANG_ANALYZER_NONNULL = YES;
				CLANG_ANALYZER_NUMBER_OBJECT_CONVERSION = YES_AGGRESSIVE;
				CLANG_CXX_LANGUAGE_STANDARD = "gnu++14";
				CLANG_CXX_LIBRARY = "libc++";
				CLANG_ENABLE_MODULES = YES;
				CLANG_ENABLE_OBJC_ARC = YES;
				CLANG_WARN_BLOCK_CAPTURE_AUTORELEASING = YES;
				CLANG_WARN_BOOL_CONVERSION = YES;
				CLANG_WARN_COMMA = YES;
				CLANG_WARN_CONSTANT_CONVERSION = YES;
				CLANG_WARN_DIRECT_OBJC_ISA_USAGE = YES_ERROR;
				CLANG_WARN_DOCUMENTATION_COMMENTS = YES;
				CLANG_WARN_EMPTY_BODY = YES;
				CLANG_WARN_ENUM_CONVERSION = YES;
				CLANG_WARN_INFINITE_RECURSION = YES;
				CLANG_WARN_INT_CONVERSION = YES;
				CLANG_WARN_NON_LITERAL_NULL_CONVERSION = YES;
				CLANG_WARN_OBJC_LITERAL_CONVERSION = YES;
				CLANG_WARN_OBJC_ROOT_CLASS = YES_ERROR;
				CLANG_WARN_RANGE_LOOP_ANALYSIS = YES;
				CLANG_WARN_STRICT_PROTOTYPES = YES;
				CLANG_WARN_SUSPICIOUS_MOVE = YES;
				CLANG_WARN_UNGUARDED_AVAILABILITY = YES_AGGRESSIVE;
				CLANG_WARN_UNREACHABLE_CODE = YES;
				CLANG_WARN__DUPLICATE_METHOD_MATCH = YES;
				CODE_SIGN_IDENTITY = "iPhone Developer";
				COPY_PHASE_STRIP = NO;
				DEBUG_INFORMATION_FORMAT = dwarf;
				ENABLE_STRICT_OBJC_MSGSEND = YES;
				ENABLE_TESTABILITY = YES;
				GCC_C_LANGUAGE_STANDARD = gnu11;
				GCC_DYNAMIC_NO_PIC = NO;
				GCC_NO_COMMON_BLOCKS = YES;
				GCC_OPTIMIZATION_LEVEL = 0;
				GCC_PREPROCESSOR_DEFINITIONS = (
					"DEBUG=1",
					"$(inherited)",
				);
				GCC_WARN_64_TO_32_BIT_CONVERSION = YES;
				GCC_WARN_ABOUT_RETURN_TYPE = YES_ERROR;
				GCC_WARN_UNDECLARED_SELECTOR = YES;
				GCC_WARN_UNINITIALIZED_AUTOS = YES_AGGRESSIVE;
				GCC_WARN_UNUSED_FUNCTION = YES;
				GCC_WARN_UNUSED_VARIABLE = YES;
				IPHONEOS_DEPLOYMENT_TARGET = 11.2;
				MTL_ENABLE_DEBUG_INFO = YES;
				ONLY_ACTIVE_ARCH = YES;
				SDKROOT = iphoneos;
				SWIFT_ACTIVE_COMPILATION_CONDITIONS = DEBUG;
				SWIFT_OPTIMIZATION_LEVEL = "-Onone";
			};
			name = Debug;
		};
		71ABAC471FEAFF8A00D6371D /* Release */ = {
			isa = XCBuildConfiguration;
			buildSettings = {
				ALWAYS_SEARCH_USER_PATHS = NO;
				CLANG_ANALYZER_NONNULL = YES;
				CLANG_ANALYZER_NUMBER_OBJECT_CONVERSION = YES_AGGRESSIVE;
				CLANG_CXX_LANGUAGE_STANDARD = "gnu++14";
				CLANG_CXX_LIBRARY = "libc++";
				CLANG_ENABLE_MODULES = YES;
				CLANG_ENABLE_OBJC_ARC = YES;
				CLANG_WARN_BLOCK_CAPTURE_AUTORELEASING = YES;
				CLANG_WARN_BOOL_CONVERSION = YES;
				CLANG_WARN_COMMA = YES;
				CLANG_WARN_CONSTANT_CONVERSION = YES;
				CLANG_WARN_DIRECT_OBJC_ISA_USAGE = YES_ERROR;
				CLANG_WARN_DOCUMENTATION_COMMENTS = YES;
				CLANG_WARN_EMPTY_BODY = YES;
				CLANG_WARN_ENUM_CONVERSION = YES;
				CLANG_WARN_INFINITE_RECURSION = YES;
				CLANG_WARN_INT_CONVERSION = YES;
				CLANG_WARN_NON_LITERAL_NULL_CONVERSION = YES;
				CLANG_WARN_OBJC_LITERAL_CONVERSION = YES;
				CLANG_WARN_OBJC_ROOT_CLASS = YES_ERROR;
				CLANG_WARN_RANGE_LOOP_ANALYSIS = YES;
				CLANG_WARN_STRICT_PROTOTYPES = YES;
				CLANG_WARN_SUSPICIOUS_MOVE = YES;
				CLANG_WARN_UNGUARDED_AVAILABILITY = YES_AGGRESSIVE;
				CLANG_WARN_UNREACHABLE_CODE = YES;
				CLANG_WARN__DUPLICATE_METHOD_MATCH = YES;
				CODE_SIGN_IDENTITY = "iPhone Developer";
				COPY_PHASE_STRIP = NO;
				DEBUG_INFORMATION_FORMAT = "dwarf-with-dsym";
				ENABLE_NS_ASSERTIONS = NO;
				ENABLE_STRICT_OBJC_MSGSEND = YES;
				GCC_C_LANGUAGE_STANDARD = gnu11;
				GCC_NO_COMMON_BLOCKS = YES;
				GCC_WARN_64_TO_32_BIT_CONVERSION = YES;
				GCC_WARN_ABOUT_RETURN_TYPE = YES_ERROR;
				GCC_WARN_UNDECLARED_SELECTOR = YES;
				GCC_WARN_UNINITIALIZED_AUTOS = YES_AGGRESSIVE;
				GCC_WARN_UNUSED_FUNCTION = YES;
				GCC_WARN_UNUSED_VARIABLE = YES;
				IPHONEOS_DEPLOYMENT_TARGET = 11.2;
				MTL_ENABLE_DEBUG_INFO = NO;
				SDKROOT = iphoneos;
				SWIFT_OPTIMIZATION_LEVEL = "-Owholemodule";
				VALIDATE_PRODUCT = YES;
			};
			name = Release;
		};
		71ABAC491FEAFF8A00D6371D /* Debug */ = {
			isa = XCBuildConfiguration;
			buildSettings = {
				ASSETCATALOG_COMPILER_APPICON_NAME = AppIcon;
				CODE_SIGN_STYLE = Automatic;
				DEVELOPMENT_TEAM = XYQR9G9T5T;
				INFOPLIST_FILE = LibraryApp/Info.plist;
				LD_RUNPATH_SEARCH_PATHS = "$(inherited) @executable_path/Frameworks";
				PRODUCT_BUNDLE_IDENTIFIER = Alejandro.LibraryApp;
				PRODUCT_NAME = "$(TARGET_NAME)";
				SWIFT_VERSION = 4.0;
				TARGETED_DEVICE_FAMILY = "1,2";
			};
			name = Debug;
		};
		71ABAC4A1FEAFF8A00D6371D /* Release */ = {
			isa = XCBuildConfiguration;
			buildSettings = {
				ASSETCATALOG_COMPILER_APPICON_NAME = AppIcon;
				CODE_SIGN_STYLE = Automatic;
				DEVELOPMENT_TEAM = XYQR9G9T5T;
				INFOPLIST_FILE = LibraryApp/Info.plist;
				LD_RUNPATH_SEARCH_PATHS = "$(inherited) @executable_path/Frameworks";
				PRODUCT_BUNDLE_IDENTIFIER = Alejandro.LibraryApp;
				PRODUCT_NAME = "$(TARGET_NAME)";
				SWIFT_VERSION = 4.0;
				TARGETED_DEVICE_FAMILY = "1,2";
			};
			name = Release;
		};
/* End XCBuildConfiguration section */

/* Begin XCConfigurationList section */
		71ABAC2E1FEAFF8A00D6371D /* Build configuration list for PBXProject "LibraryApp" */ = {
			isa = XCConfigurationList;
			buildConfigurations = (
				71ABAC461FEAFF8A00D6371D /* Debug */,
				71ABAC471FEAFF8A00D6371D /* Release */,
			);
			defaultConfigurationIsVisible = 0;
			defaultConfigurationName = Release;
		};
		71ABAC481FEAFF8A00D6371D /* Build configuration list for PBXNativeTarget "LibraryApp" */ = {
			isa = XCConfigurationList;
			buildConfigurations = (
				71ABAC491FEAFF8A00D6371D /* Debug */,
				71ABAC4A1FEAFF8A00D6371D /* Release */,
			);
			defaultConfigurationIsVisible = 0;
			defaultConfigurationName = Release;
		};
/* End XCConfigurationList section */

/* Begin XCVersionGroup section */
		71ABAC3D1FEAFF8A00D6371D /* LibraryApp.xcdatamodeld */ = {
			isa = XCVersionGroup;
			children = (
				71ABAC3E1FEAFF8A00D6371D /* LibraryApp.xcdatamodel */,
			);
			currentVersion = 71ABAC3E1FEAFF8A00D6371D /* LibraryApp.xcdatamodel */;
			path = LibraryApp.xcdatamodeld;
			sourceTree = "<group>";
			versionGroupType = wrapper.xcdatamodel;
		};
/* End XCVersionGroup section */
	};
	rootObject = 71ABAC2B1FEAFF8A00D6371D /* Project object */;
}
